
Microsoft Visual Studio Solution File, Format Version 12.00
# Visual Studio Version 16
VisualStudioVersion = 16.0.30413.136
MinimumVisualStudioVersion = 10.0.40219.1
Project("{FAE04EC0-301F-11D3-BF4B-00C04F79EFBC}") = "AmplifiersAPI", "AmplifiersAPI\AmplifiersAPI.csproj", "{95A2A0FB-DB6D-46A8-BE80-C077E9E70123}"
EndProject
Global
	GlobalSection(SolutionConfigurationPlatforms) = preSolution
		Debug|Any CPU = Debug|Any CPU
		Release|Any CPU = Release|Any CPU
	EndGlobalSection
	GlobalSection(ProjectConfigurationPlatforms) = postSolution
		{95A2A0FB-DB6D-46A8-BE80-C077E9E70123}.Debug|Any CPU.ActiveCfg = Debug|Any CPU
		{95A2A0FB-DB6D-46A8-BE80-C077E9E70123}.Debug|Any CPU.Build.0 = Debug|Any CPU
		{95A2A0FB-DB6D-46A8-BE80-C077E9E70123}.Release|Any CPU.ActiveCfg = Release|Any CPU
		{95A2A0FB-DB6D-46A8-BE80-C077E9E70123}.Release|Any CPU.Build.0 = Release|Any CPU
	EndGlobalSection
	GlobalSection(SolutionProperties) = preSolution
		HideSolutionNode = FALSE
	EndGlobalSection
	GlobalSection(ExtensibilityGlobals) = postSolution
		SolutionGuid = {27B9EB06-8556-4451-9C02-3F1E52FF9EEE}
	EndGlobalSection
EndGlobal
